
Microsoft Visual Studio Solution File, Format Version 12.00
# Visual Studio Version 17
VisualStudioVersion = 17.6.33723.286
MinimumVisualStudioVersion = 10.0.40219.1
Project("{FAE04EC0-301F-11D3-BF4B-00C04F79EFBC}") = "EmailPlatform.Api", "EmailPlatformAPI\EmailPlatform.Api.csproj", "{4BF626B5-611B-4394-A79E-F3FD5E4AB4EA}"
EndProject
Project("{FAE04EC0-301F-11D3-BF4B-00C04F79EFBC}") = "EmailPlatform.Core", "EmailPlatform.Core\EmailPlatform.Core.csproj", "{496E5105-72A2-4C54-AC9F-E769438E90B9}"
EndProject
Project("{FAE04EC0-301F-11D3-BF4B-00C04F79EFBC}") = "EmailPlatform.Infrastructure", "EmailPlatform.Infrastructure\EmailPlatform.Infrastructure.csproj", "{4CE3FE40-EA87-434A-B987-18CCDE1FC223}"
EndProject
Global
	GlobalSection(SolutionConfigurationPlatforms) = preSolution
		Debug|Any CPU = Debug|Any CPU
		Release|Any CPU = Release|Any CPU
	EndGlobalSection
	GlobalSection(ProjectConfigurationPlatforms) = postSolution
		{4BF626B5-611B-4394-A79E-F3FD5E4AB4EA}.Debug|Any CPU.ActiveCfg = Debug|Any CPU
		{4BF626B5-611B-4394-A79E-F3FD5E4AB4EA}.Debug|Any CPU.Build.0 = Debug|Any CPU
		{4BF626B5-611B-4394-A79E-F3FD5E4AB4EA}.Release|Any CPU.ActiveCfg = Release|Any CPU
		{4BF626B5-611B-4394-A79E-F3FD5E4AB4EA}.Release|Any CPU.Build.0 = Release|Any CPU
		{496E5105-72A2-4C54-AC9F-E769438E90B9}.Debug|Any CPU.ActiveCfg = Debug|Any CPU
		{496E5105-72A2-4C54-AC9F-E769438E90B9}.Debug|Any CPU.Build.0 = Debug|Any CPU
		{496E5105-72A2-4C54-AC9F-E769438E90B9}.Release|Any CPU.ActiveCfg = Release|Any CPU
		{496E5105-72A2-4C54-AC9F-E769438E90B9}.Release|Any CPU.Build.0 = Release|Any CPU
		{4CE3FE40-EA87-434A-B987-18CCDE1FC223}.Debug|Any CPU.ActiveCfg = Debug|Any CPU
		{4CE3FE40-EA87-434A-B987-18CCDE1FC223}.Debug|Any CPU.Build.0 = Debug|Any CPU
		{4CE3FE40-EA87-434A-B987-18CCDE1FC223}.Release|Any CPU.ActiveCfg = Release|Any CPU
		{4CE3FE40-EA87-434A-B987-18CCDE1FC223}.Release|Any CPU.Build.0 = Release|Any CPU
	EndGlobalSection
	GlobalSection(SolutionProperties) = preSolution
		HideSolutionNode = FALSE
	EndGlobalSection
	GlobalSection(ExtensibilityGlobals) = postSolution
		SolutionGuid = {E61A6166-1F12-40A8-812E-C03C456087B4}
	EndGlobalSection
EndGlobal
